// !$*UTF8*$!
{
	archiveVersion = 1;
	classes = {
	};
	objectVersion = 46;
	objects = {

/* Begin PBXBuildFile section */
		EB92838B1C6E1C4D006385B9 /* AppDelegate.swift in Sources */ = {isa = PBXBuildFile; fileRef = EB92838A1C6E1C4D006385B9 /* AppDelegate.swift */; };
		EB92838D1C6E1C4D006385B9 /* ViewController.swift in Sources */ = {isa = PBXBuildFile; fileRef = EB92838C1C6E1C4D006385B9 /* ViewController.swift */; };
		EB9283901C6E1C4D006385B9 /* Main.storyboard in Resources */ = {isa = PBXBuildFile; fileRef = EB92838E1C6E1C4D006385B9 /* Main.storyboard */; };
		EB9283921C6E1C4D006385B9 /* Assets.xcassets in Resources */ = {isa = PBXBuildFile; fileRef = EB9283911C6E1C4D006385B9 /* Assets.xcassets */; };
		EB9283951C6E1C4D006385B9 /* LaunchScreen.storyboard in Resources */ = {isa = PBXBuildFile; fileRef = EB9283931C6E1C4D006385B9 /* LaunchScreen.storyboard */; };
		EB92839D1C6E1E8D006385B9 /* pokemon.csv in Resources */ = {isa = PBXBuildFile; fileRef = EB92839C1C6E1E8D006385B9 /* pokemon.csv */; };
/* End PBXBuildFile section */

/* Begin PBXFileReference section */
		EB9283871C6E1C4D006385B9 /* my-pokedex.app */ = {isa = PBXFileReference; explicitFileType = wrapper.application; includeInIndex = 0; path = "my-pokedex.app"; sourceTree = BUILT_PRODUCTS_DIR; };
		EB92838A1C6E1C4D006385B9 /* AppDelegate.swift */ = {isa = PBXFileReference; lastKnownFileType = sourcecode.swift; path = AppDelegate.swift; sourceTree = "<group>"; };
		EB92838C1C6E1C4D006385B9 /* ViewController.swift */ = {isa = PBXFileReference; lastKnownFileType = sourcecode.swift; path = ViewController.swift; sourceTree = "<group>"; };
		EB92838F1C6E1C4D006385B9 /* Base */ = {isa = PBXFileReference; lastKnownFileType = file.storyboard; name = Base; path = Base.lproj/Main.storyboard; sourceTree = "<group>"; };
		EB9283911C6E1C4D006385B9 /* Assets.xcassets */ = {isa = PBXFileReference; lastKnownFileType = folder.assetcatalog; path = Assets.xcassets; sourceTree = "<group>"; };
		EB9283941C6E1C4D006385B9 /* Base */ = {isa = PBXFileReference; lastKnownFileType = file.storyboard; name = Base; path = Base.lproj/LaunchScreen.storyboard; sourceTree = "<group>"; };
		EB9283961C6E1C4D006385B9 /* Info.plist */ = {isa = PBXFileReference; lastKnownFileType = text.plist.xml; path = Info.plist; sourceTree = "<group>"; };
		EB92839C1C6E1E8D006385B9 /* pokemon.csv */ = {isa = PBXFileReference; fileEncoding = 4; lastKnownFileType = text; path = pokemon.csv; sourceTree = "<group>"; };
/* End PBXFileReference section */

/* Begin PBXFrameworksBuildPhase section */
		EB9283841C6E1C4D006385B9 /* Frameworks */ = {
			isa = PBXFrameworksBuildPhase;
			buildActionMask = 2147483647;
			files = (
			);
			runOnlyForDeploymentPostprocessing = 0;
		};
/* End PBXFrameworksBuildPhase section */

/* Begin PBXGroup section */
		EB92837E1C6E1C4D006385B9 = {
			isa = PBXGroup;
			children = (
				EB9283891C6E1C4D006385B9 /* my-pokedex */,
				EB9283881C6E1C4D006385B9 /* Products */,
			);
			sourceTree = "<group>";
		};
		EB9283881C6E1C4D006385B9 /* Products */ = {
			isa = PBXGroup;
			children = (
				EB9283871C6E1C4D006385B9 /* my-pokedex.app */,
			);
			name = Products;
			sourceTree = "<group>";
		};
		EB9283891C6E1C4D006385B9 /* my-pokedex */ = {
			isa = PBXGroup;
			children = (
				EB92838A1C6E1C4D006385B9 /* AppDelegate.swift */,
				EB92838C1C6E1C4D006385B9 /* ViewController.swift */,
				EB92838E1C6E1C4D006385B9 /* Main.storyboard */,
				EB92839C1C6E1E8D006385B9 /* pokemon.csv */,
				EB9283911C6E1C4D006385B9 /* Assets.xcassets */,
				EB9283931C6E1C4D006385B9 /* LaunchScreen.storyboard */,
				EB9283961C6E1C4D006385B9 /* Info.plist */,
			);
			path = "my-pokedex";
			sourceTree = "<group>";
		};
/* End PBXGroup section */

/* Begin PBXNativeTarget section */
		EB9283861C6E1C4D006385B9 /* my-pokedex */ = {
			isa = PBXNativeTarget;
			buildConfigurationList = EB9283991C6E1C4D006385B9 /* Build configuration list for PBXNativeTarget "my-pokedex" */;
			buildPhases = (
				EB9283831C6E1C4D006385B9 /* Sources */,
				EB9283841C6E1C4D006385B9 /* Frameworks */,
				EB9283851C6E1C4D006385B9 /* Resources */,
			);
			buildRules = (
			);
			dependencies = (
			);
			name = "my-pokedex";
			productName = "my-pokedex";
			productReference = EB9283871C6E1C4D006385B9 /* my-pokedex.app */;
			productType = "com.apple.product-type.application";
		};
/* End PBXNativeTarget section */

/* Begin PBXProject section */
		EB92837F1C6E1C4D006385B9 /* Project object */ = {
			isa = PBXProject;
			attributes = {
				LastSwiftUpdateCheck = 0720;
				LastUpgradeCheck = 0720;
				ORGANIZATIONNAME = "Mengying Feng";
				TargetAttributes = {
					EB9283861C6E1C4D006385B9 = {
						CreatedOnToolsVersion = 7.2.1;
					};
				};
			};
			buildConfigurationList = EB9283821C6E1C4D006385B9 /* Build configuration list for PBXProject "my-pokedex" */;
			compatibilityVersion = "Xcode 3.2";
			developmentRegion = English;
			hasScannedForEncodings = 0;
			knownRegions = (
				en,
				Base,
			);
			mainGroup = EB92837E1C6E1C4D006385B9;
			productRefGroup = EB9283881C6E1C4D006385B9 /* Products */;
			projectDirPath = "";
			projectRoot = "";
			targets = (
				EB9283861C6E1C4D006385B9 /* my-pokedex */,
			);
		};
/* End PBXProject section */

/* Begin PBXResourcesBuildPhase section */
		EB9283851C6E1C4D006385B9 /* Resources */ = {
			isa = PBXResourcesBuildPhase;
			buildActionMask = 2147483647;
			files = (
				EB9283951C6E1C4D006385B9 /* LaunchScreen.storyboard in Resources */,
				EB9283921C6E1C4D006385B9 /* Assets.xcassets in Resources */,
				EB92839D1C6E1E8D006385B9 /* pokemon.csv in Resources */,
				EB9283901C6E1C4D006385B9 /* Main.storyboard in Resources */,
			);
			runOnlyForDeploymentPostprocessing = 0;
		};
/* End PBXResourcesBuildPhase section */

/* Begin PBXSourcesBuildPhase section */
		EB9283831C6E1C4D006385B9 /* Sources */ = {
			isa = PBXSourcesBuildPhase;
			buildActionMask = 2147483647;
			files = (
				EB92838D1C6E1C4D006385B9 /* ViewController.swift in Sources */,
				EB92838B1C6E1C4D006385B9 /* AppDelegate.swift in Sources */,
			);
			runOnlyForDeploymentPostprocessing = 0;
		};
/* End PBXSourcesBuildPhase section */

/* Begin PBXVariantGroup section */
		EB92838E1C6E1C4D006385B9 /* Main.storyboard */ = {
			isa = PBXVariantGroup;
			children = (
				EB92838F1C6E1C4D006385B9 /* Base */,
			);
			name = Main.storyboard;
			sourceTree = "<group>";
		};
		EB9283931C6E1C4D006385B9 /* LaunchScreen.storyboard */ = {
			isa = PBXVariantGroup;
			children = (
				EB9283941C6E1C4D006385B9 /* Base */,
			);
			name = LaunchScreen.storyboard;
			sourceTree = "<group>";
		};
/* End PBXVariantGroup section */

/* Begin XCBuildConfiguration section */
		EB9283971C6E1C4D006385B9 /* Debug */ = {
			isa = XCBuildConfiguration;
			buildSettings = {
				ALWAYS_SEARCH_USER_PATHS = NO;
				CLANG_CXX_LANGUAGE_STANDARD = "gnu++0x";
				CLANG_CXX_LIBRARY = "libc++";
				CLANG_ENABLE_MODULES = YES;
				CLANG_ENABLE_OBJC_ARC = YES;
				CLANG_WARN_BOOL_CONVERSION = YES;
				CLANG_WARN_CONSTANT_CONVERSION = YES;
				CLANG_WARN_DIRECT_OBJC_ISA_USAGE = YES_ERROR;
				CLANG_WARN_EMPTY_BODY = YES;
				CLANG_WARN_ENUM_CONVERSION = YES;
				CLANG_WARN_INT_CONVERSION = YES;
				CLANG_WARN_OBJC_ROOT_CLASS = YES_ERROR;
				CLANG_WARN_UNREACHABLE_CODE = YES;
				CLANG_WARN__DUPLICATE_METHOD_MATCH = YES;
				"CODE_SIGN_IDENTITY[sdk=iphoneos*]" = "iPhone Developer";
				COPY_PHASE_STRIP = NO;
				DEBUG_INFORMATION_FORMAT = dwarf;
				ENABLE_STRICT_OBJC_MSGSEND = YES;
				ENABLE_TESTABILITY = YES;
				GCC_C_LANGUAGE_STANDARD = gnu99;
				GCC_DYNAMIC_NO_PIC = NO;
				GCC_NO_COMMON_BLOCKS = YES;
				GCC_OPTIMIZATION_LEVEL = 0;
				GCC_PREPROCESSOR_DEFINITIONS = (
					"DEBUG=1",
					"$(inherited)",
				);
				GCC_WARN_64_TO_32_BIT_CONVERSION = YES;
				GCC_WARN_ABOUT_RETURN_TYPE = YES_ERROR;
				GCC_WARN_UNDECLARED_SELECTOR = YES;
				GCC_WARN_UNINITIALIZED_AUTOS = YES_AGGRESSIVE;
				GCC_WARN_UNUSED_FUNCTION = YES;
				GCC_WARN_UNUSED_VARIABLE = YES;
				IPHONEOS_DEPLOYMENT_TARGET = 9.2;
				MTL_ENABLE_DEBUG_INFO = YES;
				ONLY_ACTIVE_ARCH = YES;
				SDKROOT = iphoneos;
				SWIFT_OPTIMIZATION_LEVEL = "-Onone";
				TARGETED_DEVICE_FAMILY = "1,2";
			};
			name = Debug;
		};
		EB9283981C6E1C4D006385B9 /* Release */ = {
			isa = XCBuildConfiguration;
			buildSettings = {
				ALWAYS_SEARCH_USER_PATHS = NO;
				CLANG_CXX_LANGUAGE_STANDARD = "gnu++0x";
				CLANG_CXX_LIBRARY = "libc++";
				CLANG_ENABLE_MODULES = YES;
				CLANG_ENABLE_OBJC_ARC = YES;
				CLANG_WARN_BOOL_CONVERSION = YES;
				CLANG_WARN_CONSTANT_CONVERSION = YES;
				CLANG_WARN_DIRECT_OBJC_ISA_USAGE = YES_ERROR;
				CLANG_WARN_EMPTY_BODY = YES;
				CLANG_WARN_ENUM_CONVERSION = YES;
				CLANG_WARN_INT_CONVERSION = YES;
				CLANG_WARN_OBJC_ROOT_CLASS = YES_ERROR;
				CLANG_WARN_UNREACHABLE_CODE = YES;
				CLANG_WARN__DUPLICATE_METHOD_MATCH = YES;
				"CODE_SIGN_IDENTITY[sdk=iphoneos*]" = "iPhone Developer";
				COPY_PHASE_STRIP = NO;
				DEBUG_INFORMATION_FORMAT = "dwarf-with-dsym";
				ENABLE_NS_ASSERTIONS = NO;
				ENABLE_STRICT_OBJC_MSGSEND = YES;
				GCC_C_LANGUAGE_STANDARD = gnu99;
				GCC_NO_COMMON_BLOCKS = YES;
				GCC_WARN_64_TO_32_BIT_CONVERSION = YES;
				GCC_WARN_ABOUT_RETURN_TYPE = YES_ERROR;
				GCC_WARN_UNDECLARED_SELECTOR = YES;
				GCC_WARN_UNINITIALIZED_AUTOS = YES_AGGRESSIVE;
				GCC_WARN_UNUSED_FUNCTION = YES;
				GCC_WARN_UNUSED_VARIABLE = YES;
				IPHONEOS_DEPLOYMENT_TARGET = 9.2;
				MTL_ENABLE_DEBUG_INFO = NO;
				SDKROOT = iphoneos;
				TARGETED_DEVICE_FAMILY = "1,2";
				VALIDATE_PRODUCT = YES;
			};
			name = Release;
		};
		EB92839A1C6E1C4D006385B9 /* Debug */ = {
			isa = XCBuildConfiguration;
			buildSettings = {
				ASSETCATALOG_COMPILER_APPICON_NAME = AppIcon;
				INFOPLIST_FILE = "my-pokedex/Info.plist";
				LD_RUNPATH_SEARCH_PATHS = "$(inherited) @executable_path/Frameworks";
				PRODUCT_BUNDLE_IDENTIFIER = "com.emilyvon.my-pokedex";
				PRODUCT_NAME = "$(TARGET_NAME)";
			};
			name = Debug;
		};
		EB92839B1C6E1C4D006385B9 /* Release */ = {
			isa = XCBuildConfiguration;
			buildSettings = {
				ASSETCATALOG_COMPILER_APPICON_NAME = AppIcon;
				INFOPLIST_FILE = "my-pokedex/Info.plist";
				LD_RUNPATH_SEARCH_PATHS = "$(inherited) @executable_path/Frameworks";
				PRODUCT_BUNDLE_IDENTIFIER = "com.emilyvon.my-pokedex";
				PRODUCT_NAME = "$(TARGET_NAME)";
			};
			name = Release;
		};
/* End XCBuildConfiguration section */

/* Begin XCConfigurationList section */
		EB9283821C6E1C4D006385B9 /* Build configuration list for PBXProject "my-pokedex" */ = {
			isa = XCConfigurationList;
			buildConfigurations = (
				EB9283971C6E1C4D006385B9 /* Debug */,
				EB9283981C6E1C4D006385B9 /* Release */,
			);
			defaultConfigurationIsVisible = 0;
			defaultConfigurationName = Release;
		};
		EB9283991C6E1C4D006385B9 /* Build configuration list for PBXNativeTarget "my-pokedex" */ = {
			isa = XCConfigurationList;
			buildConfigurations = (
				EB92839A1C6E1C4D006385B9 /* Debug */,
				EB92839B1C6E1C4D006385B9 /* Release */,
			);
			defaultConfigurationIsVisible = 0;
			defaultConfigurationName = Release;
		};
/* End XCConfigurationList section */
	};
	rootObject = EB92837F1C6E1C4D006385B9 /* Project object */;
}
