// !$*UTF8*$!
{
	archiveVersion = 1;
	classes = {
	};
	objectVersion = 46;
	objects = {

/* Begin PBXBuildFile section */
		08DD12359505982A57BD1D61 /* Pods_my_pokedex.framework in Frameworks */ = {isa = PBXBuildFile; fileRef = 56C211F467D91AA9DE605EFB /* Pods_my_pokedex.framework */; };
		EB24777F1C6E255B00FA9596 /* Pokemon.swift in Sources */ = {isa = PBXBuildFile; fileRef = EB24777E1C6E255B00FA9596 /* Pokemon.swift */; };
		EB2477821C6E2CFB00FA9596 /* PokeCollectionViewCell.swift in Sources */ = {isa = PBXBuildFile; fileRef = EB2477811C6E2CFB00FA9596 /* PokeCollectionViewCell.swift */; };
		EB72B7451C6F533800F703CF /* Constants.swift in Sources */ = {isa = PBXBuildFile; fileRef = EB72B7441C6F533800F703CF /* Constants.swift */; };
		EB771AFF1C6EED6700B0EBEF /* csv.swift in Sources */ = {isa = PBXBuildFile; fileRef = EB771AFE1C6EED6700B0EBEF /* csv.swift */; };
		EB771B031C6EF29000B0EBEF /* PokemonSolid.ttf in Resources */ = {isa = PBXBuildFile; fileRef = EB771B021C6EF29000B0EBEF /* PokemonSolid.ttf */; };
		EB771B051C6EF4C800B0EBEF /* music.mp3 in Resources */ = {isa = PBXBuildFile; fileRef = EB771B041C6EF4C800B0EBEF /* music.mp3 */; };
		EB771B071C6F1DAB00B0EBEF /* PokemonDetailVC.swift in Sources */ = {isa = PBXBuildFile; fileRef = EB771B061C6F1DAB00B0EBEF /* PokemonDetailVC.swift */; };
		EB92838B1C6E1C4D006385B9 /* AppDelegate.swift in Sources */ = {isa = PBXBuildFile; fileRef = EB92838A1C6E1C4D006385B9 /* AppDelegate.swift */; };
		EB92838D1C6E1C4D006385B9 /* ViewController.swift in Sources */ = {isa = PBXBuildFile; fileRef = EB92838C1C6E1C4D006385B9 /* ViewController.swift */; };
		EB9283901C6E1C4D006385B9 /* Main.storyboard in Resources */ = {isa = PBXBuildFile; fileRef = EB92838E1C6E1C4D006385B9 /* Main.storyboard */; };
		EB9283921C6E1C4D006385B9 /* Assets.xcassets in Resources */ = {isa = PBXBuildFile; fileRef = EB9283911C6E1C4D006385B9 /* Assets.xcassets */; };
		EB9283951C6E1C4D006385B9 /* LaunchScreen.storyboard in Resources */ = {isa = PBXBuildFile; fileRef = EB9283931C6E1C4D006385B9 /* LaunchScreen.storyboard */; };
		EB92839D1C6E1E8D006385B9 /* pokemon.csv in Resources */ = {isa = PBXBuildFile; fileRef = EB92839C1C6E1E8D006385B9 /* pokemon.csv */; };
		EBA9E95F1C706F3600A3DB3C /* lato-regular.ttf in Resources */ = {isa = PBXBuildFile; fileRef = EBA9E95E1C706F3600A3DB3C /* lato-regular.ttf */; };
/* End PBXBuildFile section */

/* Begin PBXFileReference section */
		5459EBC7D077829EC82526E2 /* Pods-my-pokedex.release.xcconfig */ = {isa = PBXFileReference; includeInIndex = 1; lastKnownFileType = text.xcconfig; name = "Pods-my-pokedex.release.xcconfig"; path = "Pods/Target Support Files/Pods-my-pokedex/Pods-my-pokedex.release.xcconfig"; sourceTree = "<group>"; };
		56C211F467D91AA9DE605EFB /* Pods_my_pokedex.framework */ = {isa = PBXFileReference; explicitFileType = wrapper.framework; includeInIndex = 0; path = Pods_my_pokedex.framework; sourceTree = BUILT_PRODUCTS_DIR; };
		CFF4E310E520CBEDF326DF80 /* Pods-my-pokedex.debug.xcconfig */ = {isa = PBXFileReference; includeInIndex = 1; lastKnownFileType = text.xcconfig; name = "Pods-my-pokedex.debug.xcconfig"; path = "Pods/Target Support Files/Pods-my-pokedex/Pods-my-pokedex.debug.xcconfig"; sourceTree = "<group>"; };
		EB24777E1C6E255B00FA9596 /* Pokemon.swift */ = {isa = PBXFileReference; fileEncoding = 4; lastKnownFileType = sourcecode.swift; path = Pokemon.swift; sourceTree = "<group>"; };
		EB2477811C6E2CFB00FA9596 /* PokeCollectionViewCell.swift */ = {isa = PBXFileReference; fileEncoding = 4; lastKnownFileType = sourcecode.swift; path = PokeCollectionViewCell.swift; sourceTree = "<group>"; };
		EB72B7441C6F533800F703CF /* Constants.swift */ = {isa = PBXFileReference; fileEncoding = 4; lastKnownFileType = sourcecode.swift; path = Constants.swift; sourceTree = "<group>"; };
		EB771AFE1C6EED6700B0EBEF /* csv.swift */ = {isa = PBXFileReference; fileEncoding = 4; lastKnownFileType = sourcecode.swift; path = csv.swift; sourceTree = "<group>"; };
		EB771B021C6EF29000B0EBEF /* PokemonSolid.ttf */ = {isa = PBXFileReference; lastKnownFileType = file; path = PokemonSolid.ttf; sourceTree = "<group>"; };
		EB771B041C6EF4C800B0EBEF /* music.mp3 */ = {isa = PBXFileReference; lastKnownFileType = audio.mp3; path = music.mp3; sourceTree = "<group>"; };
		EB771B061C6F1DAB00B0EBEF /* PokemonDetailVC.swift */ = {isa = PBXFileReference; fileEncoding = 4; lastKnownFileType = sourcecode.swift; path = PokemonDetailVC.swift; sourceTree = "<group>"; };
		EB9283871C6E1C4D006385B9 /* my-pokedex.app */ = {isa = PBXFileReference; explicitFileType = wrapper.application; includeInIndex = 0; path = "my-pokedex.app"; sourceTree = BUILT_PRODUCTS_DIR; };
		EB92838A1C6E1C4D006385B9 /* AppDelegate.swift */ = {isa = PBXFileReference; lastKnownFileType = sourcecode.swift; path = AppDelegate.swift; sourceTree = "<group>"; };
		EB92838C1C6E1C4D006385B9 /* ViewController.swift */ = {isa = PBXFileReference; lastKnownFileType = sourcecode.swift; path = ViewController.swift; sourceTree = "<group>"; };
		EB92838F1C6E1C4D006385B9 /* Base */ = {isa = PBXFileReference; lastKnownFileType = file.storyboard; name = Base; path = Base.lproj/Main.storyboard; sourceTree = "<group>"; };
		EB9283911C6E1C4D006385B9 /* Assets.xcassets */ = {isa = PBXFileReference; lastKnownFileType = folder.assetcatalog; path = Assets.xcassets; sourceTree = "<group>"; };
		EB9283941C6E1C4D006385B9 /* Base */ = {isa = PBXFileReference; lastKnownFileType = file.storyboard; name = Base; path = Base.lproj/LaunchScreen.storyboard; sourceTree = "<group>"; };
		EB9283961C6E1C4D006385B9 /* Info.plist */ = {isa = PBXFileReference; lastKnownFileType = text.plist.xml; path = Info.plist; sourceTree = "<group>"; };
		EB92839C1C6E1E8D006385B9 /* pokemon.csv */ = {isa = PBXFileReference; fileEncoding = 4; lastKnownFileType = text; path = pokemon.csv; sourceTree = "<group>"; };
		EBA9E95E1C706F3600A3DB3C /* lato-regular.ttf */ = {isa = PBXFileReference; lastKnownFileType = file; path = "lato-regular.ttf"; sourceTree = "<group>"; };
/* End PBXFileReference section */

/* Begin PBXFrameworksBuildPhase section */
		EB9283841C6E1C4D006385B9 /* Frameworks */ = {
			isa = PBXFrameworksBuildPhase;
			buildActionMask = 2147483647;
			files = (
				08DD12359505982A57BD1D61 /* Pods_my_pokedex.framework in Frameworks */,
			);
			runOnlyForDeploymentPostprocessing = 0;
		};
/* End PBXFrameworksBuildPhase section */

/* Begin PBXGroup section */
		3376A6284284550AA57298FE /* Pods */ = {
			isa = PBXGroup;
			children = (
				CFF4E310E520CBEDF326DF80 /* Pods-my-pokedex.debug.xcconfig */,
				5459EBC7D077829EC82526E2 /* Pods-my-pokedex.release.xcconfig */,
			);
			name = Pods;
			sourceTree = "<group>";
		};
		D98C0B62E2B57A61A7BE0D5E /* Frameworks */ = {
			isa = PBXGroup;
			children = (
				56C211F467D91AA9DE605EFB /* Pods_my_pokedex.framework */,
			);
			name = Frameworks;
			sourceTree = "<group>";
		};
		EB24777D1C6E254D00FA9596 /* Model */ = {
			isa = PBXGroup;
			children = (
				EB24777E1C6E255B00FA9596 /* Pokemon.swift */,
			);
			name = Model;
			sourceTree = "<group>";
		};
		EB2477801C6E2CCA00FA9596 /* View */ = {
			isa = PBXGroup;
			children = (
				EB9283931C6E1C4D006385B9 /* LaunchScreen.storyboard */,
				EB92838E1C6E1C4D006385B9 /* Main.storyboard */,
				EB2477811C6E2CFB00FA9596 /* PokeCollectionViewCell.swift */,
			);
			name = View;
			sourceTree = "<group>";
		};
		EB2477831C6E2F7800FA9596 /* Controller */ = {
			isa = PBXGroup;
			children = (
				EB92838C1C6E1C4D006385B9 /* ViewController.swift */,
				EB771B061C6F1DAB00B0EBEF /* PokemonDetailVC.swift */,
			);
			name = Controller;
			sourceTree = "<group>";
		};
		EB771B001C6EED9000B0EBEF /* Util */ = {
			isa = PBXGroup;
			children = (
				EB771AFE1C6EED6700B0EBEF /* csv.swift */,
				EB72B7441C6F533800F703CF /* Constants.swift */,
			);
			name = Util;
			sourceTree = "<group>";
		};
		EB771B011C6EEDA700B0EBEF /* Resources */ = {
			isa = PBXGroup;
			children = (
				EB92839C1C6E1E8D006385B9 /* pokemon.csv */,
				EB771B041C6EF4C800B0EBEF /* music.mp3 */,
				EB771B021C6EF29000B0EBEF /* PokemonSolid.ttf */,
				EBA9E95E1C706F3600A3DB3C /* lato-regular.ttf */,
			);
			name = Resources;
			sourceTree = "<group>";
		};
		EB92837E1C6E1C4D006385B9 = {
			isa = PBXGroup;
			children = (
				EB9283891C6E1C4D006385B9 /* my-pokedex */,
				EB9283881C6E1C4D006385B9 /* Products */,
				3376A6284284550AA57298FE /* Pods */,
				D98C0B62E2B57A61A7BE0D5E /* Frameworks */,
			);
			sourceTree = "<group>";
		};
		EB9283881C6E1C4D006385B9 /* Products */ = {
			isa = PBXGroup;
			children = (
				EB9283871C6E1C4D006385B9 /* my-pokedex.app */,
			);
			name = Products;
			sourceTree = "<group>";
		};
		EB9283891C6E1C4D006385B9 /* my-pokedex */ = {
			isa = PBXGroup;
			children = (
				EB24777D1C6E254D00FA9596 /* Model */,
				EB2477801C6E2CCA00FA9596 /* View */,
				EB2477831C6E2F7800FA9596 /* Controller */,
				EB771B001C6EED9000B0EBEF /* Util */,
				EB771B011C6EEDA700B0EBEF /* Resources */,
				EB92838A1C6E1C4D006385B9 /* AppDelegate.swift */,
				EB9283911C6E1C4D006385B9 /* Assets.xcassets */,
				EB9283961C6E1C4D006385B9 /* Info.plist */,
			);
			path = "my-pokedex";
			sourceTree = "<group>";
		};
/* End PBXGroup section */

/* Begin PBXNativeTarget section */
		EB9283861C6E1C4D006385B9 /* my-pokedex */ = {
			isa = PBXNativeTarget;
			buildConfigurationList = EB9283991C6E1C4D006385B9 /* Build configuration list for PBXNativeTarget "my-pokedex" */;
			buildPhases = (
				7B87EDAFB359E2E572058C3B /* Check Pods Manifest.lock */,
				EB9283831C6E1C4D006385B9 /* Sources */,
				EB9283841C6E1C4D006385B9 /* Frameworks */,
				EB9283851C6E1C4D006385B9 /* Resources */,
				D5F22A98903D6A6AACDC0F4E /* Embed Pods Frameworks */,
				1572B85316BD79490A4C224F /* Copy Pods Resources */,
			);
			buildRules = (
			);
			dependencies = (
			);
			name = "my-pokedex";
			productName = "my-pokedex";
			productReference = EB9283871C6E1C4D006385B9 /* my-pokedex.app */;
			productType = "com.apple.product-type.application";
		};
/* End PBXNativeTarget section */

/* Begin PBXProject section */
		EB92837F1C6E1C4D006385B9 /* Project object */ = {
			isa = PBXProject;
			attributes = {
				LastSwiftUpdateCheck = 0720;
				LastUpgradeCheck = 0720;
				ORGANIZATIONNAME = "Mengying Feng";
				TargetAttributes = {
					EB9283861C6E1C4D006385B9 = {
						CreatedOnToolsVersion = 7.2.1;
					};
				};
			};
			buildConfigurationList = EB9283821C6E1C4D006385B9 /* Build configuration list for PBXProject "my-pokedex" */;
			compatibilityVersion = "Xcode 3.2";
			developmentRegion = English;
			hasScannedForEncodings = 0;
			knownRegions = (
				en,
				Base,
			);
			mainGroup = EB92837E1C6E1C4D006385B9;
			productRefGroup = EB9283881C6E1C4D006385B9 /* Products */;
			projectDirPath = "";
			projectRoot = "";
			targets = (
				EB9283861C6E1C4D006385B9 /* my-pokedex */,
			);
		};
/* End PBXProject section */

/* Begin PBXResourcesBuildPhase section */
		EB9283851C6E1C4D006385B9 /* Resources */ = {
			isa = PBXResourcesBuildPhase;
			buildActionMask = 2147483647;
			files = (
				EB9283951C6E1C4D006385B9 /* LaunchScreen.storyboard in Resources */,
				EB9283921C6E1C4D006385B9 /* Assets.xcassets in Resources */,
				EB771B051C6EF4C800B0EBEF /* music.mp3 in Resources */,
				EB92839D1C6E1E8D006385B9 /* pokemon.csv in Resources */,
				EB771B031C6EF29000B0EBEF /* PokemonSolid.ttf in Resources */,
				EB9283901C6E1C4D006385B9 /* Main.storyboard in Resources */,
				EBA9E95F1C706F3600A3DB3C /* lato-regular.ttf in Resources */,
			);
			runOnlyForDeploymentPostprocessing = 0;
		};
/* End PBXResourcesBuildPhase section */

/* Begin PBXShellScriptBuildPhase section */
		1572B85316BD79490A4C224F /* Copy Pods Resources */ = {
			isa = PBXShellScriptBuildPhase;
			buildActionMask = 2147483647;
			files = (
			);
			inputPaths = (
			);
			name = "Copy Pods Resources";
			outputPaths = (
			);
			runOnlyForDeploymentPostprocessing = 0;
			shellPath = /bin/sh;
			shellScript = "\"${SRCROOT}/Pods/Target Support Files/Pods-my-pokedex/Pods-my-pokedex-resources.sh\"\n";
			showEnvVarsInLog = 0;
		};
		7B87EDAFB359E2E572058C3B /* Check Pods Manifest.lock */ = {
			isa = PBXShellScriptBuildPhase;
			buildActionMask = 2147483647;
			files = (
			);
			inputPaths = (
			);
			name = "Check Pods Manifest.lock";
			outputPaths = (
			);
			runOnlyForDeploymentPostprocessing = 0;
			shellPath = /bin/sh;
			shellScript = "diff \"${PODS_ROOT}/../Podfile.lock\" \"${PODS_ROOT}/Manifest.lock\" > /dev/null\nif [[ $? != 0 ]] ; then\n    cat << EOM\nerror: The sandbox is not in sync with the Podfile.lock. Run 'pod install' or update your CocoaPods installation.\nEOM\n    exit 1\nfi\n";
			showEnvVarsInLog = 0;
		};
		D5F22A98903D6A6AACDC0F4E /* Embed Pods Frameworks */ = {
			isa = PBXShellScriptBuildPhase;
			buildActionMask = 2147483647;
			files = (
			);
			inputPaths = (
			);
			name = "Embed Pods Frameworks";
			outputPaths = (
			);
			runOnlyForDeploymentPostprocessing = 0;
			shellPath = /bin/sh;
			shellScript = "\"${SRCROOT}/Pods/Target Support Files/Pods-my-pokedex/Pods-my-pokedex-frameworks.sh\"\n";
			showEnvVarsInLog = 0;
		};
/* End PBXShellScriptBuildPhase section */

/* Begin PBXSourcesBuildPhase section */
		EB9283831C6E1C4D006385B9 /* Sources */ = {
			isa = PBXSourcesBuildPhase;
			buildActionMask = 2147483647;
			files = (
				EB92838D1C6E1C4D006385B9 /* ViewController.swift in Sources */,
				EB2477821C6E2CFB00FA9596 /* PokeCollectionViewCell.swift in Sources */,
				EB92838B1C6E1C4D006385B9 /* AppDelegate.swift in Sources */,
				EB771B071C6F1DAB00B0EBEF /* PokemonDetailVC.swift in Sources */,
				EB72B7451C6F533800F703CF /* Constants.swift in Sources */,
				EB24777F1C6E255B00FA9596 /* Pokemon.swift in Sources */,
				EB771AFF1C6EED6700B0EBEF /* csv.swift in Sources */,
			);
			runOnlyForDeploymentPostprocessing = 0;
		};
/* End PBXSourcesBuildPhase section */

/* Begin PBXVariantGroup section */
		EB92838E1C6E1C4D006385B9 /* Main.storyboard */ = {
			isa = PBXVariantGroup;
			children = (
				EB92838F1C6E1C4D006385B9 /* Base */,
			);
			name = Main.storyboard;
			sourceTree = "<group>";
		};
		EB9283931C6E1C4D006385B9 /* LaunchScreen.storyboard */ = {
			isa = PBXVariantGroup;
			children = (
				EB9283941C6E1C4D006385B9 /* Base */,
			);
			name = LaunchScreen.storyboard;
			sourceTree = "<group>";
		};
/* End PBXVariantGroup section */

/* Begin XCBuildConfiguration section */
		EB9283971C6E1C4D006385B9 /* Debug */ = {
			isa = XCBuildConfiguration;
			buildSettings = {
				ALWAYS_SEARCH_USER_PATHS = NO;
				CLANG_CXX_LANGUAGE_STANDARD = "gnu++0x";
				CLANG_CXX_LIBRARY = "libc++";
				CLANG_ENABLE_MODULES = YES;
				CLANG_ENABLE_OBJC_ARC = YES;
				CLANG_WARN_BOOL_CONVERSION = YES;
				CLANG_WARN_CONSTANT_CONVERSION = YES;
				CLANG_WARN_DIRECT_OBJC_ISA_USAGE = YES_ERROR;
				CLANG_WARN_EMPTY_BODY = YES;
				CLANG_WARN_ENUM_CONVERSION = YES;
				CLANG_WARN_INT_CONVERSION = YES;
				CLANG_WARN_OBJC_ROOT_CLASS = YES_ERROR;
				CLANG_WARN_UNREACHABLE_CODE = YES;
				CLANG_WARN__DUPLICATE_METHOD_MATCH = YES;
				"CODE_SIGN_IDENTITY[sdk=iphoneos*]" = "iPhone Developer";
				COPY_PHASE_STRIP = NO;
				DEBUG_INFORMATION_FORMAT = dwarf;
				ENABLE_STRICT_OBJC_MSGSEND = YES;
				ENABLE_TESTABILITY = YES;
				GCC_C_LANGUAGE_STANDARD = gnu99;
				GCC_DYNAMIC_NO_PIC = NO;
				GCC_NO_COMMON_BLOCKS = YES;
				GCC_OPTIMIZATION_LEVEL = 0;
				GCC_PREPROCESSOR_DEFINITIONS = (
					"DEBUG=1",
					"$(inherited)",
				);
				GCC_WARN_64_TO_32_BIT_CONVERSION = YES;
				GCC_WARN_ABOUT_RETURN_TYPE = YES_ERROR;
				GCC_WARN_UNDECLARED_SELECTOR = YES;
				GCC_WARN_UNINITIALIZED_AUTOS = YES_AGGRESSIVE;
				GCC_WARN_UNUSED_FUNCTION = YES;
				GCC_WARN_UNUSED_VARIABLE = YES;
				IPHONEOS_DEPLOYMENT_TARGET = 9.2;
				MTL_ENABLE_DEBUG_INFO = YES;
				ONLY_ACTIVE_ARCH = YES;
				SDKROOT = iphoneos;
				SWIFT_OPTIMIZATION_LEVEL = "-Onone";
				TARGETED_DEVICE_FAMILY = "1,2";
			};
			name = Debug;
		};
		EB9283981C6E1C4D006385B9 /* Release */ = {
			isa = XCBuildConfiguration;
			buildSettings = {
				ALWAYS_SEARCH_USER_PATHS = NO;
				CLANG_CXX_LANGUAGE_STANDARD = "gnu++0x";
				CLANG_CXX_LIBRARY = "libc++";
				CLANG_ENABLE_MODULES = YES;
				CLANG_ENABLE_OBJC_ARC = YES;
				CLANG_WARN_BOOL_CONVERSION = YES;
				CLANG_WARN_CONSTANT_CONVERSION = YES;
				CLANG_WARN_DIRECT_OBJC_ISA_USAGE = YES_ERROR;
				CLANG_WARN_EMPTY_BODY = YES;
				CLANG_WARN_ENUM_CONVERSION = YES;
				CLANG_WARN_INT_CONVERSION = YES;
				CLANG_WARN_OBJC_ROOT_CLASS = YES_ERROR;
				CLANG_WARN_UNREACHABLE_CODE = YES;
				CLANG_WARN__DUPLICATE_METHOD_MATCH = YES;
				"CODE_SIGN_IDENTITY[sdk=iphoneos*]" = "iPhone Developer";
				COPY_PHASE_STRIP = NO;
				DEBUG_INFORMATION_FORMAT = "dwarf-with-dsym";
				ENABLE_NS_ASSERTIONS = NO;
				ENABLE_STRICT_OBJC_MSGSEND = YES;
				GCC_C_LANGUAGE_STANDARD = gnu99;
				GCC_NO_COMMON_BLOCKS = YES;
				GCC_WARN_64_TO_32_BIT_CONVERSION = YES;
				GCC_WARN_ABOUT_RETURN_TYPE = YES_ERROR;
				GCC_WARN_UNDECLARED_SELECTOR = YES;
				GCC_WARN_UNINITIALIZED_AUTOS = YES_AGGRESSIVE;
				GCC_WARN_UNUSED_FUNCTION = YES;
				GCC_WARN_UNUSED_VARIABLE = YES;
				IPHONEOS_DEPLOYMENT_TARGET = 9.2;
				MTL_ENABLE_DEBUG_INFO = NO;
				SDKROOT = iphoneos;
				TARGETED_DEVICE_FAMILY = "1,2";
				VALIDATE_PRODUCT = YES;
			};
			name = Release;
		};
		EB92839A1C6E1C4D006385B9 /* Debug */ = {
			isa = XCBuildConfiguration;
			baseConfigurationReference = CFF4E310E520CBEDF326DF80 /* Pods-my-pokedex.debug.xcconfig */;
			buildSettings = {
				ASSETCATALOG_COMPILER_APPICON_NAME = AppIcon;
				INFOPLIST_FILE = "my-pokedex/Info.plist";
				LD_RUNPATH_SEARCH_PATHS = "$(inherited) @executable_path/Frameworks";
				PRODUCT_BUNDLE_IDENTIFIER = "com.emilyvon.my-pokedex";
				PRODUCT_NAME = "$(TARGET_NAME)";
			};
			name = Debug;
		};
		EB92839B1C6E1C4D006385B9 /* Release */ = {
			isa = XCBuildConfiguration;
			baseConfigurationReference = 5459EBC7D077829EC82526E2 /* Pods-my-pokedex.release.xcconfig */;
			buildSettings = {
				ASSETCATALOG_COMPILER_APPICON_NAME = AppIcon;
				INFOPLIST_FILE = "my-pokedex/Info.plist";
				LD_RUNPATH_SEARCH_PATHS = "$(inherited) @executable_path/Frameworks";
				PRODUCT_BUNDLE_IDENTIFIER = "com.emilyvon.my-pokedex";
				PRODUCT_NAME = "$(TARGET_NAME)";
			};
			name = Release;
		};
/* End XCBuildConfiguration section */

/* Begin XCConfigurationList section */
		EB9283821C6E1C4D006385B9 /* Build configuration list for PBXProject "my-pokedex" */ = {
			isa = XCConfigurationList;
			buildConfigurations = (
				EB9283971C6E1C4D006385B9 /* Debug */,
				EB9283981C6E1C4D006385B9 /* Release */,
			);
			defaultConfigurationIsVisible = 0;
			defaultConfigurationName = Release;
		};
		EB9283991C6E1C4D006385B9 /* Build configuration list for PBXNativeTarget "my-pokedex" */ = {
			isa = XCConfigurationList;
			buildConfigurations = (
				EB92839A1C6E1C4D006385B9 /* Debug */,
				EB92839B1C6E1C4D006385B9 /* Release */,
			);
			defaultConfigurationIsVisible = 0;
			defaultConfigurationName = Release;
		};
/* End XCConfigurationList section */
	};
	rootObject = EB92837F1C6E1C4D006385B9 /* Project object */;
}
